
Microsoft Visual Studio Solution File, Format Version 12.00
# Visual Studio Version 16
VisualStudioVersion = 16.0.30104.148
MinimumVisualStudioVersion = 10.0.40219.1
Project("{FAE04EC0-301F-11D3-BF4B-00C04F79EFBC}") = "2artile1_3", "2artile1_3\2artile1_3.csproj", "{2586F6DC-53C3-41AA-BD5E-202847763C42}"
EndProject
Global
	GlobalSection(SolutionConfigurationPlatforms) = preSolution
		Debug|Any CPU = Debug|Any CPU
		Release|Any CPU = Release|Any CPU
	EndGlobalSection
	GlobalSection(ProjectConfigurationPlatforms) = postSolution
		{2586F6DC-53C3-41AA-BD5E-202847763C42}.Debug|Any CPU.ActiveCfg = Debug|Any CPU
		{2586F6DC-53C3-41AA-BD5E-202847763C42}.Debug|Any CPU.Build.0 = Debug|Any CPU
		{2586F6DC-53C3-41AA-BD5E-202847763C42}.Release|Any CPU.ActiveCfg = Release|Any CPU
		{2586F6DC-53C3-41AA-BD5E-202847763C42}.Release|Any CPU.Build.0 = Release|Any CPU
	EndGlobalSection
	GlobalSection(SolutionProperties) = preSolution
		HideSolutionNode = FALSE
	EndGlobalSection
	GlobalSection(ExtensibilityGlobals) = postSolution
		SolutionGuid = {3CEDB842-3725-491D-97F5-68930478BE51}
	EndGlobalSection
EndGlobal
